# This file is autogenerated, do not edit; changes may be undone by the next 'dep ensure'.


[[projects]]
  digest = "1:0a7ddae0f9b0357691225e6048e0d4ea0253d94f3f951808df3e0ad556051433"
  name = "github.com/golang/protobuf"
  packages = [
    "jsonpb",
    "proto",
    "protoc-gen-go/descriptor",
    "ptypes",
    "ptypes/any",
    "ptypes/duration",
    "ptypes/struct",
    "ptypes/timestamp",
  ]
  pruneopts = "UT"
  revision = "b4deda0973fb4c70b50d226b1af49f3da59f5265"
  version = "v1.1.0"

[[projects]]
  digest = "1:6a06217fc753e65aea71446b777393009ef6797dadc0086c4f75bd16590be04d"
  name = "github.com/grpc-ecosystem/grpc-gateway"
  packages = [
    "runtime",
    "runtime/internal",
    "utilities",
  ]
  pruneopts = "UT"
  revision = "92583770e3f01b09a0d3e9bdf64321d8bebd48f2"
  version = "v1.4.1"

[[projects]]
  branch = "master"
  digest = "1:59392ed8afb901aab4287d4894df8191722e34f3957716f4350c8c133ce99046"
  name = "github.com/hpcloud/tail"
  packages = [
    ".",
    "ratelimiter",
    "util",
    "watch",
    "winfile",
  ]
  pruneopts = "UT"
  revision = "a1dbeea552b7c8df4b542c66073e393de198a800"

[[projects]]
  branch = "master"
  digest = "1:70686d6deed68f15d78df72d7df2b8581fa6145c142003c7befd3d0a418e7d1e"
  name = "github.com/libopenstorage/openstorage-sdk-clients"
  packages = ["sdk/golang"]
  pruneopts = "UT"
  revision = "511516cb5a088b2003d2a14326bf20f6148111e1"

[[projects]]
  digest = "1:42e29deef12327a69123b9cb2cb45fee4af5c12c2a23c6e477338279a052703f"
  name = "github.com/onsi/ginkgo"
  packages = [
    ".",
    "config",
    "internal/codelocation",
    "internal/containernode",
    "internal/failer",
    "internal/leafnodes",
    "internal/remote",
    "internal/spec",
    "internal/spec_iterator",
    "internal/specrunner",
    "internal/suite",
    "internal/testingtproxy",
    "internal/writer",
    "reporters",
    "reporters/stenographer",
    "reporters/stenographer/support/go-colorable",
    "reporters/stenographer/support/go-isatty",
    "types",
  ]
  pruneopts = "UT"
  revision = "3774a09d95489ccaa16032e0770d08ea77ba6184"
  version = "v1.6.0"

[[projects]]
  digest = "1:29f294e6a3b9d30629266b2765a8c203056387941e600405b8e8871c84653042"
  name = "github.com/onsi/gomega"
  packages = [
    ".",
    "format",
    "internal/assertion",
    "internal/asyncassertion",
    "internal/oraclematcher",
    "internal/testingtsupport",
    "matchers",
    "matchers/support/goraph/bipartitegraph",
    "matchers/support/goraph/edge",
    "matchers/support/goraph/node",
    "matchers/support/goraph/util",
    "types",
  ]
  pruneopts = "UT"
  revision = "b6ea1ea48f981d0f615a154a45eabb9dd466556d"
  version = "v1.4.1"

[[projects]]
  branch = "master"
  digest = "1:45a82a8ac7142612c6e724644e199fbeab8fc4ae949cb07a28d2f7a65bee50d3"
  name = "golang.org/x/net"
  packages = [
    "context",
    "html",
    "html/atom",
    "html/charset",
    "http/httpguts",
    "http2",
    "http2/hpack",
    "idna",
    "internal/timeseries",
    "trace",
  ]
  pruneopts = "UT"
  revision = "aaf60122140d3fcf75376d319f0554393160eb50"

[[projects]]
  branch = "master"
  digest = "1:05662433b3a13c921587a6e622b5722072edff83211efd1cd79eeaeedfd83f07"
  name = "golang.org/x/sys"
  packages = ["unix"]
  pruneopts = "UT"
  revision = "1c9583448a9c3aa0f9a6a5241bf73c0bd8aafded"

[[projects]]
  digest = "1:436b24586f8fee329e0dd65fd67c817681420cda1d7f934345c13fe78c212a73"
  name = "golang.org/x/text"
  packages = [
    "collate",
    "collate/build",
    "encoding",
    "encoding/charmap",
    "encoding/htmlindex",
    "encoding/internal",
    "encoding/internal/identifier",
    "encoding/japanese",
    "encoding/korean",
    "encoding/simplifiedchinese",
    "encoding/traditionalchinese",
    "encoding/unicode",
    "internal/colltab",
    "internal/gen",
    "internal/tag",
    "internal/triegen",
    "internal/ucd",
    "internal/utf8internal",
    "language",
    "runes",
    "secure/bidirule",
    "transform",
    "unicode/bidi",
    "unicode/cldr",
    "unicode/norm",
    "unicode/rangetable",
  ]
  pruneopts = "UT"
  revision = "f21a4dfb5e38f5895301dc265a8def02365cc3d0"
  version = "v0.3.0"

[[projects]]
  branch = "master"
  digest = "1:edfc7a0bed09f4d7af304129d96d563a53bcc9d8ebc8cd5443b845fda30f170b"
  name = "google.golang.org/genproto"
  packages = [
    "googleapis/api/annotations",
    "googleapis/rpc/status",
  ]
  pruneopts = "UT"
  revision = "d0a8f471bba2dbb160885b0000d814ee5d559bad"

[[projects]]
  digest = "1:3dd7996ce6bf52dec6a2f69fa43e7c4cefea1d4dfa3c8ab7a5f8a9f7434e239d"
  name = "google.golang.org/grpc"
  packages = [
    ".",
    "balancer",
    "balancer/base",
    "balancer/roundrobin",
    "codes",
    "connectivity",
    "credentials",
    "encoding",
    "encoding/proto",
    "grpclog",
    "internal",
    "internal/backoff",
    "internal/channelz",
    "internal/envconfig",
    "internal/grpcrand",
    "internal/transport",
    "keepalive",
    "metadata",
    "naming",
    "peer",
    "resolver",
    "resolver/dns",
    "resolver/passthrough",
    "stats",
    "status",
    "tap",
  ]
  pruneopts = "UT"
  revision = "32fb0ac620c32ba40a4626ddf94d90d12cce3455"
  version = "v1.14.0"

[[projects]]
  digest = "1:abeb38ade3f32a92943e5be54f55ed6d6e3b6602761d74b4aab4c9dd45c18abd"
  name = "gopkg.in/fsnotify/fsnotify.v1"
  packages = ["."]
  pruneopts = "UT"
  revision = "c2828203cd70a50dcccfb2761f8b1f8ceef9a8e9"
  version = "v1.4.7"

[[projects]]
  digest = "1:3c839a777de0e6da035c9de900b60cbec463b0a89351192c1ea083eaf9e0fce0"
  name = "gopkg.in/tomb.v1"
  packages = ["."]
  pruneopts = "UT"
  revision = "c131134a1947e9afd9cecfe11f4c6dff0732ae58"

[[projects]]
  digest = "1:342378ac4dcb378a5448dd723f0784ae519383532f5e70ade24132c4c8693202"
  name = "gopkg.in/yaml.v2"
  packages = ["."]
  pruneopts = "UT"
  revision = "5420a8b6744d3b0345ab293f6fcba19c978f1183"
  version = "v2.2.1"

[solve-meta]
  analyzer-name = "dep"
  analyzer-version = 1
  input-imports = [
    "github.com/libopenstorage/openstorage-sdk-clients/sdk/golang",
    "github.com/onsi/ginkgo",
    "github.com/onsi/gomega",
    "google.golang.org/grpc",
    "google.golang.org/grpc/codes",
    "google.golang.org/grpc/connectivity",
    "google.golang.org/grpc/status",
    "gopkg.in/yaml.v2",
  ]
  solver-name = "gps-cdcl"
  solver-version = 1
